// !$*UTF8*$!
{
	archiveVersion = 1;
	classes = {
	};
	objectVersion = 77;
	objects = {

/* Begin PBXContainerItemProxy section */
		113FA0702E91AAD50011ED60 /* PBXContainerItemProxy */ = {
			isa = PBXContainerItemProxy;
			containerPortal = 113FA0572E91AAD10011ED60 /* Project object */;
			proxyType = 1;
			remoteGlobalIDString = 113FA05E2E91AAD10011ED60;
			remoteInfo = "Cooking AI";
		};
		113FA07A2E91AAD60011ED60 /* PBXContainerItemProxy */ = {
			isa = PBXContainerItemProxy;
			containerPortal = 113FA0572E91AAD10011ED60 /* Project object */;
			proxyType = 1;
			remoteGlobalIDString = 113FA05E2E91AAD10011ED60;
			remoteInfo = "Cooking AI";
		};
/* End PBXContainerItemProxy section */

/* Begin PBXFileReference section */
		113FA05F2E91AAD10011ED60 /* Cooking AI.app */ = {isa = PBXFileReference; explicitFileType = wrapper.application; includeInIndex = 0; path = "Cooking AI.app"; sourceTree = BUILT_PRODUCTS_DIR; };
		113FA06F2E91AAD50011ED60 /* Cooking AITests.xctest */ = {isa = PBXFileReference; explicitFileType = wrapper.cfbundle; includeInIndex = 0; path = "Cooking AITests.xctest"; sourceTree = BUILT_PRODUCTS_DIR; };
		113FA0792E91AAD60011ED60 /* Cooking AIUITests.xctest */ = {isa = PBXFileReference; explicitFileType = wrapper.cfbundle; includeInIndex = 0; path = "Cooking AIUITests.xctest"; sourceTree = BUILT_PRODUCTS_DIR; };
/* End PBXFileReference section */

/* Begin PBXFileSystemSynchronizedRootGroup section */
		113FA0612E91AAD10011ED60 /* Cooking AI */ = {
			isa = PBXFileSystemSynchronizedRootGroup;
			path = "Cooking AI";
			sourceTree = "<group>";
		};
		113FA0722E91AAD50011ED60 /* Cooking AITests */ = {
			isa = PBXFileSystemSynchronizedRootGroup;
			path = "Cooking AITests";
			sourceTree = "<group>";
		};
		113FA07C2E91AAD60011ED60 /* Cooking AIUITests */ = {
			isa = PBXFileSystemSynchronizedRootGroup;
			path = "Cooking AIUITests";
			sourceTree = "<group>";
		};
/* End PBXFileSystemSynchronizedRootGroup section */

/* Begin PBXFrameworksBuildPhase section */
		113FA05C2E91AAD10011ED60 /* Frameworks */ = {
			isa = PBXFrameworksBuildPhase;
			buildActionMask = 2147483647;
			files = (
			);
			runOnlyForDeploymentPostprocessing = 0;
		};
		113FA06C2E91AAD50011ED60 /* Frameworks */ = {
			isa = PBXFrameworksBuildPhase;
			buildActionMask = 2147483647;
			files = (
			);
			runOnlyForDeploymentPostprocessing = 0;
		};
		113FA0762E91AAD60011ED60 /* Frameworks */ = {
			isa = PBXFrameworksBuildPhase;
			buildActionMask = 2147483647;
			files = (
			);
			runOnlyForDeploymentPostprocessing = 0;
		};
/* End PBXFrameworksBuildPhase section */

/* Begin PBXGroup section */
		113FA0562E91AAD10011ED60 = {
			isa = PBXGroup;
			children = (
				113FA0612E91AAD10011ED60 /* Cooking AI */,
				113FA0722E91AAD50011ED60 /* Cooking AITests */,
				113FA07C2E91AAD60011ED60 /* Cooking AIUITests */,
				113FA0602E91AAD10011ED60 /* Products */,
			);
			sourceTree = "<group>";
		};
		113FA0602E91AAD10011ED60 /* Products */ = {
			isa = PBXGroup;
			children = (
				113FA05F2E91AAD10011ED60 /* Cooking AI.app */,
				113FA06F2E91AAD50011ED60 /* Cooking AITests.xctest */,
				113FA0792E91AAD60011ED60 /* Cooking AIUITests.xctest */,
			);
			name = Products;
			sourceTree = "<group>";
		};
/* End PBXGroup section */

/* Begin PBXNativeTarget section */
		113FA05E2E91AAD10011ED60 /* Cooking AI */ = {
			isa = PBXNativeTarget;
			buildConfigurationList = 113FA0832E91AAD60011ED60 /* Build configuration list for PBXNativeTarget "Cooking AI" */;
			buildPhases = (
				113FA05B2E91AAD10011ED60 /* Sources */,
				113FA05C2E91AAD10011ED60 /* Frameworks */,
				113FA05D2E91AAD10011ED60 /* Resources */,
			);
			buildRules = (
			);
			dependencies = (
			);
			fileSystemSynchronizedGroups = (
				113FA0612E91AAD10011ED60 /* Cooking AI */,
			);
			name = "Cooking AI";
			packageProductDependencies = (
			);
			productName = "Cooking AI";
			productReference = 113FA05F2E91AAD10011ED60 /* Cooking AI.app */;
			productType = "com.apple.product-type.application";
		};
		113FA06E2E91AAD50011ED60 /* Cooking AITests */ = {
			isa = PBXNativeTarget;
			buildConfigurationList = 113FA0862E91AAD60011ED60 /* Build configuration list for PBXNativeTarget "Cooking AITests" */;
			buildPhases = (
				113FA06B2E91AAD50011ED60 /* Sources */,
				113FA06C2E91AAD50011ED60 /* Frameworks */,
				113FA06D2E91AAD50011ED60 /* Resources */,
			);
			buildRules = (
			);
			dependencies = (
				113FA0712E91AAD50011ED60 /* PBXTargetDependency */,
			);
			fileSystemSynchronizedGroups = (
				113FA0722E91AAD50011ED60 /* Cooking AITests */,
			);
			name = "Cooking AITests";
			packageProductDependencies = (
			);
			productName = "Cooking AITests";
			productReference = 113FA06F2E91AAD50011ED60 /* Cooking AITests.xctest */;
			productType = "com.apple.product-type.bundle.unit-test";
		};
		113FA0782E91AAD60011ED60 /* Cooking AIUITests */ = {
			isa = PBXNativeTarget;
			buildConfigurationList = 113FA0892E91AAD60011ED60 /* Build configuration list for PBXNativeTarget "Cooking AIUITests" */;
			buildPhases = (
				113FA0752E91AAD60011ED60 /* Sources */,
				113FA0762E91AAD60011ED60 /* Frameworks */,
				113FA0772E91AAD60011ED60 /* Resources */,
			);
			buildRules = (
			);
			dependencies = (
				113FA07B2E91AAD60011ED60 /* PBXTargetDependency */,
			);
			fileSystemSynchronizedGroups = (
				113FA07C2E91AAD60011ED60 /* Cooking AIUITests */,
			);
			name = "Cooking AIUITests";
			packageProductDependencies = (
			);
			productName = "Cooking AIUITests";
			productReference = 113FA0792E91AAD60011ED60 /* Cooking AIUITests.xctest */;
			productType = "com.apple.product-type.bundle.ui-testing";
		};
/* End PBXNativeTarget section */

/* Begin PBXProject section */
		113FA0572E91AAD10011ED60 /* Project object */ = {
			isa = PBXProject;
			attributes = {
				BuildIndependentTargetsInParallel = 1;
				LastSwiftUpdateCheck = 1620;
				LastUpgradeCheck = 1620;
				TargetAttributes = {
					113FA05E2E91AAD10011ED60 = {
						CreatedOnToolsVersion = 16.2;
					};
					113FA06E2E91AAD50011ED60 = {
						CreatedOnToolsVersion = 16.2;
						TestTargetID = 113FA05E2E91AAD10011ED60;
					};
					113FA0782E91AAD60011ED60 = {
						CreatedOnToolsVersion = 16.2;
						TestTargetID = 113FA05E2E91AAD10011ED60;
					};
				};
			};
			buildConfigurationList = 113FA05A2E91AAD10011ED60 /* Build configuration list for PBXProject "Cooking AI" */;
			developmentRegion = en;
			hasScannedForEncodings = 0;
			knownRegions = (
				en,
				Base,
			);
			mainGroup = 113FA0562E91AAD10011ED60;
			minimizedProjectReferenceProxies = 1;
			preferredProjectObjectVersion = 77;
			productRefGroup = 113FA0602E91AAD10011ED60 /* Products */;
			projectDirPath = "";
			projectRoot = "";
			targets = (
				113FA05E2E91AAD10011ED60 /* Cooking AI */,
				113FA06E2E91AAD50011ED60 /* Cooking AITests */,
				113FA0782E91AAD60011ED60 /* Cooking AIUITests */,
			);
		};
/* End PBXProject section */

/* Begin PBXResourcesBuildPhase section */
		113FA05D2E91AAD10011ED60 /* Resources */ = {
			isa = PBXResourcesBuildPhase;
			buildActionMask = 2147483647;
			files = (
			);
			runOnlyForDeploymentPostprocessing = 0;
		};
		113FA06D2E91AAD50011ED60 /* Resources */ = {
			isa = PBXResourcesBuildPhase;
			buildActionMask = 2147483647;
			files = (
			);
			runOnlyForDeploymentPostprocessing = 0;
		};
		113FA0772E91AAD60011ED60 /* Resources */ = {
			isa = PBXResourcesBuildPhase;
			buildActionMask = 2147483647;
			files = (
			);
			runOnlyForDeploymentPostprocessing = 0;
		};
/* End PBXResourcesBuildPhase section */

/* Begin PBXSourcesBuildPhase section */
		113FA05B2E91AAD10011ED60 /* Sources */ = {
			isa = PBXSourcesBuildPhase;
			buildActionMask = 2147483647;
			files = (
			);
			runOnlyForDeploymentPostprocessing = 0;
		};
		113FA06B2E91AAD50011ED60 /* Sources */ = {
			isa = PBXSourcesBuildPhase;
			buildActionMask = 2147483647;
			files = (
			);
			runOnlyForDeploymentPostprocessing = 0;
		};
		113FA0752E91AAD60011ED60 /* Sources */ = {
			isa = PBXSourcesBuildPhase;
			buildActionMask = 2147483647;
			files = (
			);
			runOnlyForDeploymentPostprocessing = 0;
		};
/* End PBXSourcesBuildPhase section */

/* Begin PBXTargetDependency section */
		113FA0712E91AAD50011ED60 /* PBXTargetDependency */ = {
			isa = PBXTargetDependency;
			target = 113FA05E2E91AAD10011ED60 /* Cooking AI */;
			targetProxy = 113FA0702E91AAD50011ED60 /* PBXContainerItemProxy */;
		};
		113FA07B2E91AAD60011ED60 /* PBXTargetDependency */ = {
			isa = PBXTargetDependency;
			target = 113FA05E2E91AAD10011ED60 /* Cooking AI */;
			targetProxy = 113FA07A2E91AAD60011ED60 /* PBXContainerItemProxy */;
		};
/* End PBXTargetDependency section */

/* Begin XCBuildConfiguration section */
		113FA0812E91AAD60011ED60 /* Debug */ = {
			isa = XCBuildConfiguration;
			buildSettings = {
				ALWAYS_SEARCH_USER_PATHS = NO;
				ASSETCATALOG_COMPILER_GENERATE_SWIFT_ASSET_SYMBOL_EXTENSIONS = YES;
				CLANG_ANALYZER_NONNULL = YES;
				CLANG_ANALYZER_NUMBER_OBJECT_CONVERSION = YES_AGGRESSIVE;
				CLANG_CXX_LANGUAGE_STANDARD = "gnu++20";
				CLANG_ENABLE_MODULES = YES;
				CLANG_ENABLE_OBJC_ARC = YES;
				CLANG_ENABLE_OBJC_WEAK = YES;
				CLANG_WARN_BLOCK_CAPTURE_AUTORELEASING = YES;
				CLANG_WARN_BOOL_CONVERSION = YES;
				CLANG_WARN_COMMA = YES;
				CLANG_WARN_CONSTANT_CONVERSION = YES;
				CLANG_WARN_DEPRECATED_OBJC_IMPLEMENTATIONS = YES;
				CLANG_WARN_DIRECT_OBJC_ISA_USAGE = YES_ERROR;
				CLANG_WARN_DOCUMENTATION_COMMENTS = YES;
				CLANG_WARN_EMPTY_BODY = YES;
				CLANG_WARN_ENUM_CONVERSION = YES;
				CLANG_WARN_INFINITE_RECURSION = YES;
				CLANG_WARN_INT_CONVERSION = YES;
				CLANG_WARN_NON_LITERAL_NULL_CONVERSION = YES;
				CLANG_WARN_OBJC_IMPLICIT_RETAIN_SELF = YES;
				CLANG_WARN_OBJC_LITERAL_CONVERSION = YES;
				CLANG_WARN_OBJC_ROOT_CLASS = YES_ERROR;
				CLANG_WARN_QUOTED_INCLUDE_IN_FRAMEWORK_HEADER = YES;
				CLANG_WARN_RANGE_LOOP_ANALYSIS = YES;
				CLANG_WARN_STRICT_PROTOTYPES = YES;
				CLANG_WARN_SUSPICIOUS_MOVE = YES;
				CLANG_WARN_UNGUARDED_AVAILABILITY = YES_AGGRESSIVE;
				CLANG_WARN_UNREACHABLE_CODE = YES;
				CLANG_WARN__DUPLICATE_METHOD_MATCH = YES;
				COPY_PHASE_STRIP = NO;
				DEBUG_INFORMATION_FORMAT = dwarf;
				ENABLE_STRICT_OBJC_MSGSEND = YES;
				ENABLE_TESTABILITY = YES;
				ENABLE_USER_SCRIPT_SANDBOXING = YES;
				GCC_C_LANGUAGE_STANDARD = gnu17;
				GCC_DYNAMIC_NO_PIC = NO;
				GCC_NO_COMMON_BLOCKS = YES;
				GCC_OPTIMIZATION_LEVEL = 0;
				GCC_PREPROCESSOR_DEFINITIONS = (
					"DEBUG=1",
					"$(inherited)",
				);
				GCC_WARN_64_TO_32_BIT_CONVERSION = YES;
				GCC_WARN_ABOUT_RETURN_TYPE = YES_ERROR;
				GCC_WARN_UNDECLARED_SELECTOR = YES;
				GCC_WARN_UNINITIALIZED_AUTOS = YES_AGGRESSIVE;
				GCC_WARN_UNUSED_FUNCTION = YES;
				GCC_WARN_UNUSED_VARIABLE = YES;
				IPHONEOS_DEPLOYMENT_TARGET = 18.2;
				LOCALIZATION_PREFERS_STRING_CATALOGS = YES;
				MTL_ENABLE_DEBUG_INFO = INCLUDE_SOURCE;
				MTL_FAST_MATH = YES;
				ONLY_ACTIVE_ARCH = YES;
				SDKROOT = iphoneos;
				SWIFT_ACTIVE_COMPILATION_CONDITIONS = "DEBUG $(inherited)";
				SWIFT_OPTIMIZATION_LEVEL = "-Onone";
			};
			name = Debug;
		};
		113FA0822E91AAD60011ED60 /* Release */ = {
			isa = XCBuildConfiguration;
			buildSettings = {
				ALWAYS_SEARCH_USER_PATHS = NO;
				ASSETCATALOG_COMPILER_GENERATE_SWIFT_ASSET_SYMBOL_EXTENSIONS = YES;
				CLANG_ANALYZER_NONNULL = YES;
				CLANG_ANALYZER_NUMBER_OBJECT_CONVERSION = YES_AGGRESSIVE;
				CLANG_CXX_LANGUAGE_STANDARD = "gnu++20";
				CLANG_ENABLE_MODULES = YES;
				CLANG_ENABLE_OBJC_ARC = YES;
				CLANG_ENABLE_OBJC_WEAK = YES;
				CLANG_WARN_BLOCK_CAPTURE_AUTORELEASING = YES;
				CLANG_WARN_BOOL_CONVERSION = YES;
				CLANG_WARN_COMMA = YES;
				CLANG_WARN_CONSTANT_CONVERSION = YES;
				CLANG_WARN_DEPRECATED_OBJC_IMPLEMENTATIONS = YES;
				CLANG_WARN_DIRECT_OBJC_ISA_USAGE = YES_ERROR;
				CLANG_WARN_DOCUMENTATION_COMMENTS = YES;
				CLANG_WARN_EMPTY_BODY = YES;
				CLANG_WARN_ENUM_CONVERSION = YES;
				CLANG_WARN_INFINITE_RECURSION = YES;
				CLANG_WARN_INT_CONVERSION = YES;
				CLANG_WARN_NON_LITERAL_NULL_CONVERSION = YES;
				CLANG_WARN_OBJC_IMPLICIT_RETAIN_SELF = YES;
				CLANG_WARN_OBJC_LITERAL_CONVERSION = YES;
				CLANG_WARN_OBJC_ROOT_CLASS = YES_ERROR;
				CLANG_WARN_QUOTED_INCLUDE_IN_FRAMEWORK_HEADER = YES;
				CLANG_WARN_RANGE_LOOP_ANALYSIS = YES;
				CLANG_WARN_STRICT_PROTOTYPES = YES;
				CLANG_WARN_SUSPICIOUS_MOVE = YES;
				CLANG_WARN_UNGUARDED_AVAILABILITY = YES_AGGRESSIVE;
				CLANG_WARN_UNREACHABLE_CODE = YES;
				CLANG_WARN__DUPLICATE_METHOD_MATCH = YES;
				COPY_PHASE_STRIP = NO;
				DEBUG_INFORMATION_FORMAT = "dwarf-with-dsym";
				ENABLE_NS_ASSERTIONS = NO;
				ENABLE_STRICT_OBJC_MSGSEND = YES;
				ENABLE_USER_SCRIPT_SANDBOXING = YES;
				GCC_C_LANGUAGE_STANDARD = gnu17;
				GCC_NO_COMMON_BLOCKS = YES;
				GCC_WARN_64_TO_32_BIT_CONVERSION = YES;
				GCC_WARN_ABOUT_RETURN_TYPE = YES_ERROR;
				GCC_WARN_UNDECLARED_SELECTOR = YES;
				GCC_WARN_UNINITIALIZED_AUTOS = YES_AGGRESSIVE;
				GCC_WARN_UNUSED_FUNCTION = YES;
				GCC_WARN_UNUSED_VARIABLE = YES;
				IPHONEOS_DEPLOYMENT_TARGET = 18.2;
				LOCALIZATION_PREFERS_STRING_CATALOGS = YES;
				MTL_ENABLE_DEBUG_INFO = NO;
				MTL_FAST_MATH = YES;
				SDKROOT = iphoneos;
				SWIFT_COMPILATION_MODE = wholemodule;
				VALIDATE_PRODUCT = YES;
			};
			name = Release;
		};
		113FA0842E91AAD60011ED60 /* Debug */ = {
			isa = XCBuildConfiguration;
			buildSettings = {
				ASSETCATALOG_COMPILER_APPICON_NAME = AppIcon;
				ASSETCATALOG_COMPILER_GLOBAL_ACCENT_COLOR_NAME = AccentColor;
				CODE_SIGN_STYLE = Automatic;
				CURRENT_PROJECT_VERSION = 1;
				DEVELOPMENT_ASSET_PATHS = "\"Cooking AI/Preview Content\"";
				DEVELOPMENT_TEAM = 9L9F8D8698;
				ENABLE_PREVIEWS = YES;
				GENERATE_INFOPLIST_FILE = NO;
				INFOPLIST_FILE = "Cooking AI/Info.plist";
				INFOPLIST_KEY_UIApplicationSceneManifest_Generation = YES;
				INFOPLIST_KEY_UIApplicationSupportsIndirectInputEvents = YES;
				INFOPLIST_KEY_UILaunchScreen_Generation = YES;
				INFOPLIST_KEY_UISupportedInterfaceOrientations_iPad = "UIInterfaceOrientationPortrait UIInterfaceOrientationPortraitUpsideDown UIInterfaceOrientationLandscapeLeft UIInterfaceOrientationLandscapeRight";
				INFOPLIST_KEY_UISupportedInterfaceOrientations_iPhone = "UIInterfaceOrientationPortrait UIInterfaceOrientationLandscapeLeft UIInterfaceOrientationLandscapeRight";
				LD_RUNPATH_SEARCH_PATHS = (
					"$(inherited)",
					"@executable_path/Frameworks",
				);
				MARKETING_VERSION = 1.0;
				PRODUCT_BUNDLE_IDENTIFIER = "Algernon.Cooking-AI";
				PRODUCT_NAME = "$(TARGET_NAME)";
				SWIFT_EMIT_LOC_STRINGS = YES;
				SWIFT_VERSION = 5.0;
				TARGETED_DEVICE_FAMILY = "1,2";
			};
			name = Debug;
		};
		113FA0852E91AAD60011ED60 /* Release */ = {
			isa = XCBuildConfiguration;
			buildSettings = {
				ASSETCATALOG_COMPILER_APPICON_NAME = AppIcon;
				ASSETCATALOG_COMPILER_GLOBAL_ACCENT_COLOR_NAME = AccentColor;
				CODE_SIGN_STYLE = Automatic;
				CURRENT_PROJECT_VERSION = 1;
				DEVELOPMENT_ASSET_PATHS = "\"Cooking AI/Preview Content\"";
				DEVELOPMENT_TEAM = 9L9F8D8698;
				ENABLE_PREVIEWS = YES;
				GENERATE_INFOPLIST_FILE = NO;
				INFOPLIST_FILE = "Cooking AI/Info.plist";
				INFOPLIST_KEY_UIApplicationSceneManifest_Generation = YES;
				INFOPLIST_KEY_UIApplicationSupportsIndirectInputEvents = YES;
				INFOPLIST_KEY_UILaunchScreen_Generation = YES;
				INFOPLIST_KEY_UISupportedInterfaceOrientations_iPad = "UIInterfaceOrientationPortrait UIInterfaceOrientationPortraitUpsideDown UIInterfaceOrientationLandscapeLeft UIInterfaceOrientationLandscapeRight";
				INFOPLIST_KEY_UISupportedInterfaceOrientations_iPhone = "UIInterfaceOrientationPortrait UIInterfaceOrientationLandscapeLeft UIInterfaceOrientationLandscapeRight";
				LD_RUNPATH_SEARCH_PATHS = (
					"$(inherited)",
					"@executable_path/Frameworks",
				);
				MARKETING_VERSION = 1.0;
				PRODUCT_BUNDLE_IDENTIFIER = "Algernon.Cooking-AI";
				PRODUCT_NAME = "$(TARGET_NAME)";
				SWIFT_EMIT_LOC_STRINGS = YES;
				SWIFT_VERSION = 5.0;
				TARGETED_DEVICE_FAMILY = "1,2";
			};
			name = Release;
		};
		113FA0872E91AAD60011ED60 /* Debug */ = {
			isa = XCBuildConfiguration;
			buildSettings = {
				BUNDLE_LOADER = "$(TEST_HOST)";
				CODE_SIGN_STYLE = Automatic;
				CURRENT_PROJECT_VERSION = 1;
				DEVELOPMENT_TEAM = 9L9F8D8698;
				GENERATE_INFOPLIST_FILE = YES;
				IPHONEOS_DEPLOYMENT_TARGET = 18.2;
				MARKETING_VERSION = 1.0;
				PRODUCT_BUNDLE_IDENTIFIER = "Algernon.Cooking-AITests";
				PRODUCT_NAME = "$(TARGET_NAME)";
				SWIFT_EMIT_LOC_STRINGS = NO;
				SWIFT_VERSION = 5.0;
				TARGETED_DEVICE_FAMILY = "1,2";
				TEST_HOST = "$(BUILT_PRODUCTS_DIR)/Cooking AI.app/$(BUNDLE_EXECUTABLE_FOLDER_PATH)/Cooking AI";
			};
			name = Debug;
		};
		113FA0882E91AAD60011ED60 /* Release */ = {
			isa = XCBuildConfiguration;
			buildSettings = {
				BUNDLE_LOADER = "$(TEST_HOST)";
				CODE_SIGN_STYLE = Automatic;
				CURRENT_PROJECT_VERSION = 1;
				DEVELOPMENT_TEAM = 9L9F8D8698;
				GENERATE_INFOPLIST_FILE = YES;
				IPHONEOS_DEPLOYMENT_TARGET = 18.2;
				MARKETING_VERSION = 1.0;
				PRODUCT_BUNDLE_IDENTIFIER = "Algernon.Cooking-AITests";
				PRODUCT_NAME = "$(TARGET_NAME)";
				SWIFT_EMIT_LOC_STRINGS = NO;
				SWIFT_VERSION = 5.0;
				TARGETED_DEVICE_FAMILY = "1,2";
				TEST_HOST = "$(BUILT_PRODUCTS_DIR)/Cooking AI.app/$(BUNDLE_EXECUTABLE_FOLDER_PATH)/Cooking AI";
			};
			name = Release;
		};
		113FA08A2E91AAD60011ED60 /* Debug */ = {
			isa = XCBuildConfiguration;
			buildSettings = {
				CODE_SIGN_STYLE = Automatic;
				CURRENT_PROJECT_VERSION = 1;
				DEVELOPMENT_TEAM = 9L9F8D8698;
				GENERATE_INFOPLIST_FILE = YES;
				MARKETING_VERSION = 1.0;
				PRODUCT_BUNDLE_IDENTIFIER = "Algernon.Cooking-AIUITests";
				PRODUCT_NAME = "$(TARGET_NAME)";
				SWIFT_EMIT_LOC_STRINGS = NO;
				SWIFT_VERSION = 5.0;
				TARGETED_DEVICE_FAMILY = "1,2";
				TEST_TARGET_NAME = "Cooking AI";
			};
			name = Debug;
		};
		113FA08B2E91AAD60011ED60 /* Release */ = {
			isa = XCBuildConfiguration;
			buildSettings = {
				CODE_SIGN_STYLE = Automatic;
				CURRENT_PROJECT_VERSION = 1;
				DEVELOPMENT_TEAM = 9L9F8D8698;
				GENERATE_INFOPLIST_FILE = YES;
				MARKETING_VERSION = 1.0;
				PRODUCT_BUNDLE_IDENTIFIER = "Algernon.Cooking-AIUITests";
				PRODUCT_NAME = "$(TARGET_NAME)";
				SWIFT_EMIT_LOC_STRINGS = NO;
				SWIFT_VERSION = 5.0;
				TARGETED_DEVICE_FAMILY = "1,2";
				TEST_TARGET_NAME = "Cooking AI";
			};
			name = Release;
		};
/* End XCBuildConfiguration section */

/* Begin XCConfigurationList section */
		113FA05A2E91AAD10011ED60 /* Build configuration list for PBXProject "Cooking AI" */ = {
			isa = XCConfigurationList;
			buildConfigurations = (
				113FA0812E91AAD60011ED60 /* Debug */,
				113FA0822E91AAD60011ED60 /* Release */,
			);
			defaultConfigurationIsVisible = 0;
			defaultConfigurationName = Release;
		};
		113FA0832E91AAD60011ED60 /* Build configuration list for PBXNativeTarget "Cooking AI" */ = {
			isa = XCConfigurationList;
			buildConfigurations = (
				113FA0842E91AAD60011ED60 /* Debug */,
				113FA0852E91AAD60011ED60 /* Release */,
			);
			defaultConfigurationIsVisible = 0;
			defaultConfigurationName = Release;
		};
		113FA0862E91AAD60011ED60 /* Build configuration list for PBXNativeTarget "Cooking AITests" */ = {
			isa = XCConfigurationList;
			buildConfigurations = (
				113FA0872E91AAD60011ED60 /* Debug */,
				113FA0882E91AAD60011ED60 /* Release */,
			);
			defaultConfigurationIsVisible = 0;
			defaultConfigurationName = Release;
		};
		113FA0892E91AAD60011ED60 /* Build configuration list for PBXNativeTarget "Cooking AIUITests" */ = {
			isa = XCConfigurationList;
			buildConfigurations = (
				113FA08A2E91AAD60011ED60 /* Debug */,
				113FA08B2E91AAD60011ED60 /* Release */,
			);
			defaultConfigurationIsVisible = 0;
			defaultConfigurationName = Release;
		};
/* End XCConfigurationList section */
	};
	rootObject = 113FA0572E91AAD10011ED60 /* Project object */;
}
